// !$*UTF8*$!
{
	archiveVersion = 1;
	classes = {
	};
	objectVersion = 46;
	objects = {

/* Begin PBXBuildFile section */
		37981BAD1BADE80900DF9E24 /* AppDelegate.swift in Sources */ = {isa = PBXBuildFile; fileRef = 37981BAC1BADE80900DF9E24 /* AppDelegate.swift */; };
		37981BAF1BADE80900DF9E24 /* ViewController.swift in Sources */ = {isa = PBXBuildFile; fileRef = 37981BAE1BADE80900DF9E24 /* ViewController.swift */; };
		37981BB21BADE80900DF9E24 /* Main.storyboard in Resources */ = {isa = PBXBuildFile; fileRef = 37981BB01BADE80900DF9E24 /* Main.storyboard */; };
		37981BB41BADE80900DF9E24 /* Assets.xcassets in Resources */ = {isa = PBXBuildFile; fileRef = 37981BB31BADE80900DF9E24 /* Assets.xcassets */; };
		37981BB71BADE80900DF9E24 /* LaunchScreen.storyboard in Resources */ = {isa = PBXBuildFile; fileRef = 37981BB51BADE80900DF9E24 /* LaunchScreen.storyboard */; };
		37981BC21BADE80900DF9E24 /* TipCalculatorTests.swift in Sources */ = {isa = PBXBuildFile; fileRef = 37981BC11BADE80900DF9E24 /* TipCalculatorTests.swift */; };
		37981BCD1BADE80900DF9E24 /* TipCalculatorUITests.swift in Sources */ = {isa = PBXBuildFile; fileRef = 37981BCC1BADE80900DF9E24 /* TipCalculatorUITests.swift */; };
		37A469C61BAE361100988B4F /* Lobster-Regular.ttf in Resources */ = {isa = PBXBuildFile; fileRef = 37A469C51BAE361100988B4F /* Lobster-Regular.ttf */; };
/* End PBXBuildFile section */

/* Begin PBXContainerItemProxy section */
		37981BBE1BADE80900DF9E24 /* PBXContainerItemProxy */ = {
			isa = PBXContainerItemProxy;
			containerPortal = 37981BA11BADE80900DF9E24 /* Project object */;
			proxyType = 1;
			remoteGlobalIDString = 37981BA81BADE80900DF9E24;
			remoteInfo = TipCalculator;
		};
		37981BC91BADE80900DF9E24 /* PBXContainerItemProxy */ = {
			isa = PBXContainerItemProxy;
			containerPortal = 37981BA11BADE80900DF9E24 /* Project object */;
			proxyType = 1;
			remoteGlobalIDString = 37981BA81BADE80900DF9E24;
			remoteInfo = TipCalculator;
		};
/* End PBXContainerItemProxy section */

/* Begin PBXFileReference section */
		37981BA91BADE80900DF9E24 /* TipCalculator.app */ = {isa = PBXFileReference; explicitFileType = wrapper.application; includeInIndex = 0; path = TipCalculator.app; sourceTree = BUILT_PRODUCTS_DIR; };
		37981BAC1BADE80900DF9E24 /* AppDelegate.swift */ = {isa = PBXFileReference; lastKnownFileType = sourcecode.swift; path = AppDelegate.swift; sourceTree = "<group>"; };
		37981BAE1BADE80900DF9E24 /* ViewController.swift */ = {isa = PBXFileReference; lastKnownFileType = sourcecode.swift; path = ViewController.swift; sourceTree = "<group>"; };
		37981BB11BADE80900DF9E24 /* Base */ = {isa = PBXFileReference; lastKnownFileType = file.storyboard; name = Base; path = Base.lproj/Main.storyboard; sourceTree = "<group>"; };
		37981BB31BADE80900DF9E24 /* Assets.xcassets */ = {isa = PBXFileReference; lastKnownFileType = folder.assetcatalog; path = Assets.xcassets; sourceTree = "<group>"; };
		37981BB61BADE80900DF9E24 /* Base */ = {isa = PBXFileReference; lastKnownFileType = file.storyboard; name = Base; path = Base.lproj/LaunchScreen.storyboard; sourceTree = "<group>"; };
		37981BB81BADE80900DF9E24 /* Info.plist */ = {isa = PBXFileReference; lastKnownFileType = text.plist.xml; path = Info.plist; sourceTree = "<group>"; };
		37981BBD1BADE80900DF9E24 /* TipCalculatorTests.xctest */ = {isa = PBXFileReference; explicitFileType = wrapper.cfbundle; includeInIndex = 0; path = TipCalculatorTests.xctest; sourceTree = BUILT_PRODUCTS_DIR; };
		37981BC11BADE80900DF9E24 /* TipCalculatorTests.swift */ = {isa = PBXFileReference; lastKnownFileType = sourcecode.swift; path = TipCalculatorTests.swift; sourceTree = "<group>"; };
		37981BC31BADE80900DF9E24 /* Info.plist */ = {isa = PBXFileReference; lastKnownFileType = text.plist.xml; path = Info.plist; sourceTree = "<group>"; };
		37981BC81BADE80900DF9E24 /* TipCalculatorUITests.xctest */ = {isa = PBXFileReference; explicitFileType = wrapper.cfbundle; includeInIndex = 0; path = TipCalculatorUITests.xctest; sourceTree = BUILT_PRODUCTS_DIR; };
		37981BCC1BADE80900DF9E24 /* TipCalculatorUITests.swift */ = {isa = PBXFileReference; lastKnownFileType = sourcecode.swift; path = TipCalculatorUITests.swift; sourceTree = "<group>"; };
		37981BCE1BADE80900DF9E24 /* Info.plist */ = {isa = PBXFileReference; lastKnownFileType = text.plist.xml; path = Info.plist; sourceTree = "<group>"; };
		37A469C51BAE361100988B4F /* Lobster-Regular.ttf */ = {isa = PBXFileReference; lastKnownFileType = file; path = "Lobster-Regular.ttf"; sourceTree = "<group>"; };
/* End PBXFileReference section */

/* Begin PBXFrameworksBuildPhase section */
		37981BA61BADE80900DF9E24 /* Frameworks */ = {
			isa = PBXFrameworksBuildPhase;
			buildActionMask = 2147483647;
			files = (
			);
			runOnlyForDeploymentPostprocessing = 0;
		};
		37981BBA1BADE80900DF9E24 /* Frameworks */ = {
			isa = PBXFrameworksBuildPhase;
			buildActionMask = 2147483647;
			files = (
			);
			runOnlyForDeploymentPostprocessing = 0;
		};
		37981BC51BADE80900DF9E24 /* Frameworks */ = {
			isa = PBXFrameworksBuildPhase;
			buildActionMask = 2147483647;
			files = (
			);
			runOnlyForDeploymentPostprocessing = 0;
		};
/* End PBXFrameworksBuildPhase section */

/* Begin PBXGroup section */
		37981BA01BADE80900DF9E24 = {
			isa = PBXGroup;
			children = (
				37981BAB1BADE80900DF9E24 /* TipCalculator */,
				37981BC01BADE80900DF9E24 /* TipCalculatorTests */,
				37981BCB1BADE80900DF9E24 /* TipCalculatorUITests */,
				37981BAA1BADE80900DF9E24 /* Products */,
			);
			sourceTree = "<group>";
		};
		37981BAA1BADE80900DF9E24 /* Products */ = {
			isa = PBXGroup;
			children = (
				37981BA91BADE80900DF9E24 /* TipCalculator.app */,
				37981BBD1BADE80900DF9E24 /* TipCalculatorTests.xctest */,
				37981BC81BADE80900DF9E24 /* TipCalculatorUITests.xctest */,
			);
			name = Products;
			sourceTree = "<group>";
		};
		37981BAB1BADE80900DF9E24 /* TipCalculator */ = {
			isa = PBXGroup;
			children = (
				37A469C51BAE361100988B4F /* Lobster-Regular.ttf */,
				37981BAC1BADE80900DF9E24 /* AppDelegate.swift */,
				37981BAE1BADE80900DF9E24 /* ViewController.swift */,
				37981BB01BADE80900DF9E24 /* Main.storyboard */,
				37981BB31BADE80900DF9E24 /* Assets.xcassets */,
				37981BB51BADE80900DF9E24 /* LaunchScreen.storyboard */,
				37981BB81BADE80900DF9E24 /* Info.plist */,
			);
			path = TipCalculator;
			sourceTree = "<group>";
		};
		37981BC01BADE80900DF9E24 /* TipCalculatorTests */ = {
			isa = PBXGroup;
			children = (
				37981BC11BADE80900DF9E24 /* TipCalculatorTests.swift */,
				37981BC31BADE80900DF9E24 /* Info.plist */,
			);
			path = TipCalculatorTests;
			sourceTree = "<group>";
		};
		37981BCB1BADE80900DF9E24 /* TipCalculatorUITests */ = {
			isa = PBXGroup;
			children = (
				37981BCC1BADE80900DF9E24 /* TipCalculatorUITests.swift */,
				37981BCE1BADE80900DF9E24 /* Info.plist */,
			);
			path = TipCalculatorUITests;
			sourceTree = "<group>";
		};
/* End PBXGroup section */

/* Begin PBXNativeTarget section */
		37981BA81BADE80900DF9E24 /* TipCalculator */ = {
			isa = PBXNativeTarget;
			buildConfigurationList = 37981BD11BADE80900DF9E24 /* Build configuration list for PBXNativeTarget "TipCalculator" */;
			buildPhases = (
				37981BA51BADE80900DF9E24 /* Sources */,
				37981BA61BADE80900DF9E24 /* Frameworks */,
				37981BA71BADE80900DF9E24 /* Resources */,
			);
			buildRules = (
			);
			dependencies = (
			);
			name = TipCalculator;
			productName = TipCalculator;
			productReference = 37981BA91BADE80900DF9E24 /* TipCalculator.app */;
			productType = "com.apple.product-type.application";
		};
		37981BBC1BADE80900DF9E24 /* TipCalculatorTests */ = {
			isa = PBXNativeTarget;
			buildConfigurationList = 37981BD41BADE80900DF9E24 /* Build configuration list for PBXNativeTarget "TipCalculatorTests" */;
			buildPhases = (
				37981BB91BADE80900DF9E24 /* Sources */,
				37981BBA1BADE80900DF9E24 /* Frameworks */,
				37981BBB1BADE80900DF9E24 /* Resources */,
			);
			buildRules = (
			);
			dependencies = (
				37981BBF1BADE80900DF9E24 /* PBXTargetDependency */,
			);
			name = TipCalculatorTests;
			productName = TipCalculatorTests;
			productReference = 37981BBD1BADE80900DF9E24 /* TipCalculatorTests.xctest */;
			productType = "com.apple.product-type.bundle.unit-test";
		};
		37981BC71BADE80900DF9E24 /* TipCalculatorUITests */ = {
			isa = PBXNativeTarget;
			buildConfigurationList = 37981BD71BADE80900DF9E24 /* Build configuration list for PBXNativeTarget "TipCalculatorUITests" */;
			buildPhases = (
				37981BC41BADE80900DF9E24 /* Sources */,
				37981BC51BADE80900DF9E24 /* Frameworks */,
				37981BC61BADE80900DF9E24 /* Resources */,
			);
			buildRules = (
			);
			dependencies = (
				37981BCA1BADE80900DF9E24 /* PBXTargetDependency */,
			);
			name = TipCalculatorUITests;
			productName = TipCalculatorUITests;
			productReference = 37981BC81BADE80900DF9E24 /* TipCalculatorUITests.xctest */;
			productType = "com.apple.product-type.bundle.ui-testing";
		};
/* End PBXNativeTarget section */

/* Begin PBXProject section */
		37981BA11BADE80900DF9E24 /* Project object */ = {
			isa = PBXProject;
			attributes = {
				LastUpgradeCheck = 0710;
				ORGANIZATIONNAME = "Shunfan Du";
				TargetAttributes = {
					37981BA81BADE80900DF9E24 = {
						CreatedOnToolsVersion = 7.1;
						DevelopmentTeam = Y264US54H3;
						SystemCapabilities = {
							com.apple.iCloud = {
								enabled = 0;
							};
						};
					};
					37981BBC1BADE80900DF9E24 = {
						CreatedOnToolsVersion = 7.1;
						TestTargetID = 37981BA81BADE80900DF9E24;
					};
					37981BC71BADE80900DF9E24 = {
						CreatedOnToolsVersion = 7.1;
						TestTargetID = 37981BA81BADE80900DF9E24;
					};
				};
			};
			buildConfigurationList = 37981BA41BADE80900DF9E24 /* Build configuration list for PBXProject "TipCalculator" */;
			compatibilityVersion = "Xcode 3.2";
			developmentRegion = English;
			hasScannedForEncodings = 0;
			knownRegions = (
				en,
				Base,
			);
			mainGroup = 37981BA01BADE80900DF9E24;
			productRefGroup = 37981BAA1BADE80900DF9E24 /* Products */;
			projectDirPath = "";
			projectRoot = "";
			targets = (
				37981BA81BADE80900DF9E24 /* TipCalculator */,
				37981BBC1BADE80900DF9E24 /* TipCalculatorTests */,
				37981BC71BADE80900DF9E24 /* TipCalculatorUITests */,
			);
		};
/* End PBXProject section */

/* Begin PBXResourcesBuildPhase section */
		37981BA71BADE80900DF9E24 /* Resources */ = {
			isa = PBXResourcesBuildPhase;
			buildActionMask = 2147483647;
			files = (
				37981BB71BADE80900DF9E24 /* LaunchScreen.storyboard in Resources */,
				37A469C61BAE361100988B4F /* Lobster-Regular.ttf in Resources */,
				37981BB41BADE80900DF9E24 /* Assets.xcassets in Resources */,
				37981BB21BADE80900DF9E24 /* Main.storyboard in Resources */,
			);
			runOnlyForDeploymentPostprocessing = 0;
		};
		37981BBB1BADE80900DF9E24 /* Resources */ = {
			isa = PBXResourcesBuildPhase;
			buildActionMask = 2147483647;
			files = (
			);
			runOnlyForDeploymentPostprocessing = 0;
		};
		37981BC61BADE80900DF9E24 /* Resources */ = {
			isa = PBXResourcesBuildPhase;
			buildActionMask = 2147483647;
			files = (
			);
			runOnlyForDeploymentPostprocessing = 0;
		};
/* End PBXResourcesBuildPhase section */

/* Begin PBXSourcesBuildPhase section */
		37981BA51BADE80900DF9E24 /* Sources */ = {
			isa = PBXSourcesBuildPhase;
			buildActionMask = 2147483647;
			files = (
				37981BAF1BADE80900DF9E24 /* ViewController.swift in Sources */,
				37981BAD1BADE80900DF9E24 /* AppDelegate.swift in Sources */,
			);
			runOnlyForDeploymentPostprocessing = 0;
		};
		37981BB91BADE80900DF9E24 /* Sources */ = {
			isa = PBXSourcesBuildPhase;
			buildActionMask = 2147483647;
			files = (
				37981BC21BADE80900DF9E24 /* TipCalculatorTests.swift in Sources */,
			);
			runOnlyForDeploymentPostprocessing = 0;
		};
		37981BC41BADE80900DF9E24 /* Sources */ = {
			isa = PBXSourcesBuildPhase;
			buildActionMask = 2147483647;
			files = (
				37981BCD1BADE80900DF9E24 /* TipCalculatorUITests.swift in Sources */,
			);
			runOnlyForDeploymentPostprocessing = 0;
		};
/* End PBXSourcesBuildPhase section */

/* Begin PBXTargetDependency section */
		37981BBF1BADE80900DF9E24 /* PBXTargetDependency */ = {
			isa = PBXTargetDependency;
			target = 37981BA81BADE80900DF9E24 /* TipCalculator */;
			targetProxy = 37981BBE1BADE80900DF9E24 /* PBXContainerItemProxy */;
		};
		37981BCA1BADE80900DF9E24 /* PBXTargetDependency */ = {
			isa = PBXTargetDependency;
			target = 37981BA81BADE80900DF9E24 /* TipCalculator */;
			targetProxy = 37981BC91BADE80900DF9E24 /* PBXContainerItemProxy */;
		};
/* End PBXTargetDependency section */

/* Begin PBXVariantGroup section */
		37981BB01BADE80900DF9E24 /* Main.storyboard */ = {
			isa = PBXVariantGroup;
			children = (
				37981BB11BADE80900DF9E24 /* Base */,
			);
			name = Main.storyboard;
			sourceTree = "<group>";
		};
		37981BB51BADE80900DF9E24 /* LaunchScreen.storyboard */ = {
			isa = PBXVariantGroup;
			children = (
				37981BB61BADE80900DF9E24 /* Base */,
			);
			name = LaunchScreen.storyboard;
			sourceTree = "<group>";
		};
/* End PBXVariantGroup section */

/* Begin XCBuildConfiguration section */
		37981BCF1BADE80900DF9E24 /* Debug */ = {
			isa = XCBuildConfiguration;
			buildSettings = {
				ALWAYS_SEARCH_USER_PATHS = NO;
				CLANG_CXX_LANGUAGE_STANDARD = "gnu++0x";
				CLANG_CXX_LIBRARY = "libc++";
				CLANG_ENABLE_MODULES = YES;
				CLANG_ENABLE_OBJC_ARC = YES;
				CLANG_WARN_BOOL_CONVERSION = YES;
				CLANG_WARN_CONSTANT_CONVERSION = YES;
				CLANG_WARN_DIRECT_OBJC_ISA_USAGE = YES_ERROR;
				CLANG_WARN_EMPTY_BODY = YES;
				CLANG_WARN_ENUM_CONVERSION = YES;
				CLANG_WARN_INT_CONVERSION = YES;
				CLANG_WARN_OBJC_ROOT_CLASS = YES_ERROR;
				CLANG_WARN_UNREACHABLE_CODE = YES;
				CLANG_WARN__DUPLICATE_METHOD_MATCH = YES;
				"CODE_SIGN_IDENTITY[sdk=iphoneos*]" = "iPhone Developer";
				COPY_PHASE_STRIP = NO;
				DEBUG_INFORMATION_FORMAT = dwarf;
				ENABLE_STRICT_OBJC_MSGSEND = YES;
				ENABLE_TESTABILITY = YES;
				GCC_C_LANGUAGE_STANDARD = gnu99;
				GCC_DYNAMIC_NO_PIC = NO;
				GCC_NO_COMMON_BLOCKS = YES;
				GCC_OPTIMIZATION_LEVEL = 0;
				GCC_PREPROCESSOR_DEFINITIONS = (
					"DEBUG=1",
					"$(inherited)",
				);
				GCC_WARN_64_TO_32_BIT_CONVERSION = YES;
				GCC_WARN_ABOUT_RETURN_TYPE = YES_ERROR;
				GCC_WARN_UNDECLARED_SELECTOR = YES;
				GCC_WARN_UNINITIALIZED_AUTOS = YES_AGGRESSIVE;
				GCC_WARN_UNUSED_FUNCTION = YES;
				GCC_WARN_UNUSED_VARIABLE = YES;
				IPHONEOS_DEPLOYMENT_TARGET = 9.0;
				MTL_ENABLE_DEBUG_INFO = YES;
				ONLY_ACTIVE_ARCH = YES;
				SDKROOT = iphoneos;
				SWIFT_OPTIMIZATION_LEVEL = "-Onone";
				TARGETED_DEVICE_FAMILY = "1,2";
			};
			name = Debug;
		};
		37981BD01BADE80900DF9E24 /* Release */ = {
			isa = XCBuildConfiguration;
			buildSettings = {
				ALWAYS_SEARCH_USER_PATHS = NO;
				CLANG_CXX_LANGUAGE_STANDARD = "gnu++0x";
				CLANG_CXX_LIBRARY = "libc++";
				CLANG_ENABLE_MODULES = YES;
				CLANG_ENABLE_OBJC_ARC = YES;
				CLANG_WARN_BOOL_CONVERSION = YES;
				CLANG_WARN_CONSTANT_CONVERSION = YES;
				CLANG_WARN_DIRECT_OBJC_ISA_USAGE = YES_ERROR;
				CLANG_WARN_EMPTY_BODY = YES;
				CLANG_WARN_ENUM_CONVERSION = YES;
				CLANG_WARN_INT_CONVERSION = YES;
				CLANG_WARN_OBJC_ROOT_CLASS = YES_ERROR;
				CLANG_WARN_UNREACHABLE_CODE = YES;
				CLANG_WARN__DUPLICATE_METHOD_MATCH = YES;
				"CODE_SIGN_IDENTITY[sdk=iphoneos*]" = "iPhone Developer";
				COPY_PHASE_STRIP = NO;
				DEBUG_INFORMATION_FORMAT = "dwarf-with-dsym";
				ENABLE_NS_ASSERTIONS = NO;
				ENABLE_STRICT_OBJC_MSGSEND = YES;
				GCC_C_LANGUAGE_STANDARD = gnu99;
				GCC_NO_COMMON_BLOCKS = YES;
				GCC_WARN_64_TO_32_BIT_CONVERSION = YES;
				GCC_WARN_ABOUT_RETURN_TYPE = YES_ERROR;
				GCC_WARN_UNDECLARED_SELECTOR = YES;
				GCC_WARN_UNINITIALIZED_AUTOS = YES_AGGRESSIVE;
				GCC_WARN_UNUSED_FUNCTION = YES;
				GCC_WARN_UNUSED_VARIABLE = YES;
				IPHONEOS_DEPLOYMENT_TARGET = 9.0;
				MTL_ENABLE_DEBUG_INFO = NO;
				SDKROOT = iphoneos;
				TARGETED_DEVICE_FAMILY = "1,2";
				VALIDATE_PRODUCT = YES;
			};
			name = Release;
		};
		37981BD21BADE80900DF9E24 /* Debug */ = {
			isa = XCBuildConfiguration;
			buildSettings = {
				ASSETCATALOG_COMPILER_APPICON_NAME = AppIcon;
				CODE_SIGN_IDENTITY = "iPhone Developer";
				"CODE_SIGN_IDENTITY[sdk=iphoneos*]" = "iPhone Developer";
				INFOPLIST_FILE = TipCalculator/Info.plist;
				IPHONEOS_DEPLOYMENT_TARGET = 9.0;
				LD_RUNPATH_SEARCH_PATHS = "$(inherited) @executable_path/Frameworks";
				PRODUCT_BUNDLE_IDENTIFIER = asia.perry.TipCalculator;
				PRODUCT_NAME = "$(TARGET_NAME)";
				PROVISIONING_PROFILE = "";
				TARGETED_DEVICE_FAMILY = 1;
			};
			name = Debug;
		};
		37981BD31BADE80900DF9E24 /* Release */ = {
			isa = XCBuildConfiguration;
			buildSettings = {
				ASSETCATALOG_COMPILER_APPICON_NAME = AppIcon;
				CODE_SIGN_IDENTITY = "iPhone Developer";
				"CODE_SIGN_IDENTITY[sdk=iphoneos*]" = "iPhone Developer";
				INFOPLIST_FILE = TipCalculator/Info.plist;
				IPHONEOS_DEPLOYMENT_TARGET = 9.0;
				LD_RUNPATH_SEARCH_PATHS = "$(inherited) @executable_path/Frameworks";
				PRODUCT_BUNDLE_IDENTIFIER = asia.perry.TipCalculator;
				PRODUCT_NAME = "$(TARGET_NAME)";
				PROVISIONING_PROFILE = "";
				TARGETED_DEVICE_FAMILY = 1;
			};
			name = Release;
		};
		37981BD51BADE80900DF9E24 /* Debug */ = {
			isa = XCBuildConfiguration;
			buildSettings = {
				BUNDLE_LOADER = "$(TEST_HOST)";
				INFOPLIST_FILE = TipCalculatorTests/Info.plist;
				IPHONEOS_DEPLOYMENT_TARGET = 9.0;
				LD_RUNPATH_SEARCH_PATHS = "$(inherited) @executable_path/Frameworks @loader_path/Frameworks";
				PRODUCT_BUNDLE_IDENTIFIER = asia.perry.TipCalculatorTests;
				PRODUCT_NAME = "$(TARGET_NAME)";
				TEST_HOST = "$(BUILT_PRODUCTS_DIR)/TipCalculator.app/TipCalculator";
			};
			name = Debug;
		};
		37981BD61BADE80900DF9E24 /* Release */ = {
			isa = XCBuildConfiguration;
			buildSettings = {
				BUNDLE_LOADER = "$(TEST_HOST)";
				INFOPLIST_FILE = TipCalculatorTests/Info.plist;
				IPHONEOS_DEPLOYMENT_TARGET = 9.0;
				LD_RUNPATH_SEARCH_PATHS = "$(inherited) @executable_path/Frameworks @loader_path/Frameworks";
				PRODUCT_BUNDLE_IDENTIFIER = asia.perry.TipCalculatorTests;
				PRODUCT_NAME = "$(TARGET_NAME)";
				TEST_HOST = "$(BUILT_PRODUCTS_DIR)/TipCalculator.app/TipCalculator";
			};
			name = Release;
		};
		37981BD81BADE80900DF9E24 /* Debug */ = {
			isa = XCBuildConfiguration;
			buildSettings = {
				INFOPLIST_FILE = TipCalculatorUITests/Info.plist;
				IPHONEOS_DEPLOYMENT_TARGET = 9.0;
				LD_RUNPATH_SEARCH_PATHS = "$(inherited) @executable_path/Frameworks @loader_path/Frameworks";
				PRODUCT_BUNDLE_IDENTIFIER = asia.perry.TipCalculatorUITests;
				PRODUCT_NAME = "$(TARGET_NAME)";
				TEST_TARGET_NAME = TipCalculator;
				USES_XCTRUNNER = YES;
			};
			name = Debug;
		};
		37981BD91BADE80900DF9E24 /* Release */ = {
			isa = XCBuildConfiguration;
			buildSettings = {
				INFOPLIST_FILE = TipCalculatorUITests/Info.plist;
				IPHONEOS_DEPLOYMENT_TARGET = 9.0;
				LD_RUNPATH_SEARCH_PATHS = "$(inherited) @executable_path/Frameworks @loader_path/Frameworks";
				PRODUCT_BUNDLE_IDENTIFIER = asia.perry.TipCalculatorUITests;
				PRODUCT_NAME = "$(TARGET_NAME)";
				TEST_TARGET_NAME = TipCalculator;
				USES_XCTRUNNER = YES;
			};
			name = Release;
		};
/* End XCBuildConfiguration section */

/* Begin XCConfigurationList section */
		37981BA41BADE80900DF9E24 /* Build configuration list for PBXProject "TipCalculator" */ = {
			isa = XCConfigurationList;
			buildConfigurations = (
				37981BCF1BADE80900DF9E24 /* Debug */,
				37981BD01BADE80900DF9E24 /* Release */,
			);
			defaultConfigurationIsVisible = 0;
			defaultConfigurationName = Release;
		};
		37981BD11BADE80900DF9E24 /* Build configuration list for PBXNativeTarget "TipCalculator" */ = {
			isa = XCConfigurationList;
			buildConfigurations = (
				37981BD21BADE80900DF9E24 /* Debug */,
				37981BD31BADE80900DF9E24 /* Release */,
			);
			defaultConfigurationIsVisible = 0;
			defaultConfigurationName = Release;
		};
		37981BD41BADE80900DF9E24 /* Build configuration list for PBXNativeTarget "TipCalculatorTests" */ = {
			isa = XCConfigurationList;
			buildConfigurations = (
				37981BD51BADE80900DF9E24 /* Debug */,
				37981BD61BADE80900DF9E24 /* Release */,
			);
			defaultConfigurationIsVisible = 0;
			defaultConfigurationName = Release;
		};
		37981BD71BADE80900DF9E24 /* Build configuration list for PBXNativeTarget "TipCalculatorUITests" */ = {
			isa = XCConfigurationList;
			buildConfigurations = (
				37981BD81BADE80900DF9E24 /* Debug */,
				37981BD91BADE80900DF9E24 /* Release */,
			);
			defaultConfigurationIsVisible = 0;
			defaultConfigurationName = Release;
		};
/* End XCConfigurationList section */
	};
	rootObject = 37981BA11BADE80900DF9E24 /* Project object */;
}
