// !$*UTF8*$!
{
	archiveVersion = 1;
	classes = {
	};
	objectVersion = 46;
	objects = {

/* Begin PBXBuildFile section */
		3709EB141BAF03BF0053E905 /* Lobster-Regular.ttf in Resources */ = {isa = PBXBuildFile; fileRef = 3709EB131BAF03BF0053E905 /* Lobster-Regular.ttf */; settings = {ASSET_TAGS = (); }; };
		377032F71BAF02B4003A851D /* AppDelegate.swift in Sources */ = {isa = PBXBuildFile; fileRef = 377032F61BAF02B4003A851D /* AppDelegate.swift */; };
		377032F91BAF02B4003A851D /* ViewController.swift in Sources */ = {isa = PBXBuildFile; fileRef = 377032F81BAF02B4003A851D /* ViewController.swift */; };
		377032FC1BAF02B4003A851D /* Main.storyboard in Resources */ = {isa = PBXBuildFile; fileRef = 377032FA1BAF02B4003A851D /* Main.storyboard */; };
		377032FE1BAF02B4003A851D /* Assets.xcassets in Resources */ = {isa = PBXBuildFile; fileRef = 377032FD1BAF02B4003A851D /* Assets.xcassets */; };
		377033011BAF02B4003A851D /* LaunchScreen.storyboard in Resources */ = {isa = PBXBuildFile; fileRef = 377032FF1BAF02B4003A851D /* LaunchScreen.storyboard */; };
/* End PBXBuildFile section */

/* Begin PBXFileReference section */
		3709EB131BAF03BF0053E905 /* Lobster-Regular.ttf */ = {isa = PBXFileReference; lastKnownFileType = file; path = "Lobster-Regular.ttf"; sourceTree = "<group>"; };
		377032F31BAF02B4003A851D /* Tip Calculator.app */ = {isa = PBXFileReference; explicitFileType = wrapper.application; includeInIndex = 0; path = "Tip Calculator.app"; sourceTree = BUILT_PRODUCTS_DIR; };
		377032F61BAF02B4003A851D /* AppDelegate.swift */ = {isa = PBXFileReference; lastKnownFileType = sourcecode.swift; path = AppDelegate.swift; sourceTree = "<group>"; };
		377032F81BAF02B4003A851D /* ViewController.swift */ = {isa = PBXFileReference; lastKnownFileType = sourcecode.swift; path = ViewController.swift; sourceTree = "<group>"; };
		377032FB1BAF02B4003A851D /* Base */ = {isa = PBXFileReference; lastKnownFileType = file.storyboard; name = Base; path = Base.lproj/Main.storyboard; sourceTree = "<group>"; };
		377032FD1BAF02B4003A851D /* Assets.xcassets */ = {isa = PBXFileReference; lastKnownFileType = folder.assetcatalog; path = Assets.xcassets; sourceTree = "<group>"; };
		377033001BAF02B4003A851D /* Base */ = {isa = PBXFileReference; lastKnownFileType = file.storyboard; name = Base; path = Base.lproj/LaunchScreen.storyboard; sourceTree = "<group>"; };
		377033021BAF02B4003A851D /* Info.plist */ = {isa = PBXFileReference; lastKnownFileType = text.plist.xml; path = Info.plist; sourceTree = "<group>"; };
/* End PBXFileReference section */

/* Begin PBXFrameworksBuildPhase section */
		377032F01BAF02B4003A851D /* Frameworks */ = {
			isa = PBXFrameworksBuildPhase;
			buildActionMask = 2147483647;
			files = (
			);
			runOnlyForDeploymentPostprocessing = 0;
		};
/* End PBXFrameworksBuildPhase section */

/* Begin PBXGroup section */
		377032EA1BAF02B4003A851D = {
			isa = PBXGroup;
			children = (
				377032F51BAF02B4003A851D /* Tip Calculator */,
				377032F41BAF02B4003A851D /* Products */,
			);
			sourceTree = "<group>";
		};
		377032F41BAF02B4003A851D /* Products */ = {
			isa = PBXGroup;
			children = (
				377032F31BAF02B4003A851D /* Tip Calculator.app */,
			);
			name = Products;
			sourceTree = "<group>";
		};
		377032F51BAF02B4003A851D /* Tip Calculator */ = {
			isa = PBXGroup;
			children = (
				377032F61BAF02B4003A851D /* AppDelegate.swift */,
				377032F81BAF02B4003A851D /* ViewController.swift */,
				377032FA1BAF02B4003A851D /* Main.storyboard */,
				377032FD1BAF02B4003A851D /* Assets.xcassets */,
				377032FF1BAF02B4003A851D /* LaunchScreen.storyboard */,
				377033021BAF02B4003A851D /* Info.plist */,
				3709EB131BAF03BF0053E905 /* Lobster-Regular.ttf */,
			);
			path = "Tip Calculator";
			sourceTree = "<group>";
		};
/* End PBXGroup section */

/* Begin PBXNativeTarget section */
		377032F21BAF02B4003A851D /* Tip Calculator */ = {
			isa = PBXNativeTarget;
			buildConfigurationList = 377033051BAF02B4003A851D /* Build configuration list for PBXNativeTarget "Tip Calculator" */;
			buildPhases = (
				377032EF1BAF02B4003A851D /* Sources */,
				377032F01BAF02B4003A851D /* Frameworks */,
				377032F11BAF02B4003A851D /* Resources */,
			);
			buildRules = (
			);
			dependencies = (
			);
			name = "Tip Calculator";
			productName = "Tip Calculator";
			productReference = 377032F31BAF02B4003A851D /* Tip Calculator.app */;
			productType = "com.apple.product-type.application";
		};
/* End PBXNativeTarget section */

/* Begin PBXProject section */
		377032EB1BAF02B4003A851D /* Project object */ = {
			isa = PBXProject;
			attributes = {
				LastSwiftUpdateCheck = 0710;
				LastUpgradeCheck = 0700;
				ORGANIZATIONNAME = "Shunfan Du";
				TargetAttributes = {
					377032F21BAF02B4003A851D = {
						CreatedOnToolsVersion = 7.0;
					};
				};
			};
			buildConfigurationList = 377032EE1BAF02B4003A851D /* Build configuration list for PBXProject "Tip Calculator" */;
			compatibilityVersion = "Xcode 3.2";
			developmentRegion = English;
			hasScannedForEncodings = 0;
			knownRegions = (
				en,
				Base,
			);
			mainGroup = 377032EA1BAF02B4003A851D;
			productRefGroup = 377032F41BAF02B4003A851D /* Products */;
			projectDirPath = "";
			projectRoot = "";
			targets = (
				377032F21BAF02B4003A851D /* Tip Calculator */,
			);
		};
/* End PBXProject section */

/* Begin PBXResourcesBuildPhase section */
		377032F11BAF02B4003A851D /* Resources */ = {
			isa = PBXResourcesBuildPhase;
			buildActionMask = 2147483647;
			files = (
				377033011BAF02B4003A851D /* LaunchScreen.storyboard in Resources */,
				3709EB141BAF03BF0053E905 /* Lobster-Regular.ttf in Resources */,
				377032FE1BAF02B4003A851D /* Assets.xcassets in Resources */,
				377032FC1BAF02B4003A851D /* Main.storyboard in Resources */,
			);
			runOnlyForDeploymentPostprocessing = 0;
		};
/* End PBXResourcesBuildPhase section */

/* Begin PBXSourcesBuildPhase section */
		377032EF1BAF02B4003A851D /* Sources */ = {
			isa = PBXSourcesBuildPhase;
			buildActionMask = 2147483647;
			files = (
				377032F91BAF02B4003A851D /* ViewController.swift in Sources */,
				377032F71BAF02B4003A851D /* AppDelegate.swift in Sources */,
			);
			runOnlyForDeploymentPostprocessing = 0;
		};
/* End PBXSourcesBuildPhase section */

/* Begin PBXVariantGroup section */
		377032FA1BAF02B4003A851D /* Main.storyboard */ = {
			isa = PBXVariantGroup;
			children = (
				377032FB1BAF02B4003A851D /* Base */,
			);
			name = Main.storyboard;
			sourceTree = "<group>";
		};
		377032FF1BAF02B4003A851D /* LaunchScreen.storyboard */ = {
			isa = PBXVariantGroup;
			children = (
				377033001BAF02B4003A851D /* Base */,
			);
			name = LaunchScreen.storyboard;
			sourceTree = "<group>";
		};
/* End PBXVariantGroup section */

/* Begin XCBuildConfiguration section */
		377033031BAF02B4003A851D /* Debug */ = {
			isa = XCBuildConfiguration;
			buildSettings = {
				ALWAYS_SEARCH_USER_PATHS = NO;
				CLANG_CXX_LANGUAGE_STANDARD = "gnu++0x";
				CLANG_CXX_LIBRARY = "libc++";
				CLANG_ENABLE_MODULES = YES;
				CLANG_ENABLE_OBJC_ARC = YES;
				CLANG_WARN_BOOL_CONVERSION = YES;
				CLANG_WARN_CONSTANT_CONVERSION = YES;
				CLANG_WARN_DIRECT_OBJC_ISA_USAGE = YES_ERROR;
				CLANG_WARN_EMPTY_BODY = YES;
				CLANG_WARN_ENUM_CONVERSION = YES;
				CLANG_WARN_INT_CONVERSION = YES;
				CLANG_WARN_OBJC_ROOT_CLASS = YES_ERROR;
				CLANG_WARN_UNREACHABLE_CODE = YES;
				CLANG_WARN__DUPLICATE_METHOD_MATCH = YES;
				"CODE_SIGN_IDENTITY[sdk=iphoneos*]" = "iPhone Developer";
				COPY_PHASE_STRIP = NO;
				DEBUG_INFORMATION_FORMAT = dwarf;
				ENABLE_STRICT_OBJC_MSGSEND = YES;
				ENABLE_TESTABILITY = YES;
				GCC_C_LANGUAGE_STANDARD = gnu99;
				GCC_DYNAMIC_NO_PIC = NO;
				GCC_NO_COMMON_BLOCKS = YES;
				GCC_OPTIMIZATION_LEVEL = 0;
				GCC_PREPROCESSOR_DEFINITIONS = (
					"DEBUG=1",
					"$(inherited)",
				);
				GCC_WARN_64_TO_32_BIT_CONVERSION = YES;
				GCC_WARN_ABOUT_RETURN_TYPE = YES_ERROR;
				GCC_WARN_UNDECLARED_SELECTOR = YES;
				GCC_WARN_UNINITIALIZED_AUTOS = YES_AGGRESSIVE;
				GCC_WARN_UNUSED_FUNCTION = YES;
				GCC_WARN_UNUSED_VARIABLE = YES;
				IPHONEOS_DEPLOYMENT_TARGET = 9.0;
				MTL_ENABLE_DEBUG_INFO = YES;
				ONLY_ACTIVE_ARCH = YES;
				SDKROOT = iphoneos;
				SWIFT_OPTIMIZATION_LEVEL = "-Onone";
			};
			name = Debug;
		};
		377033041BAF02B4003A851D /* Release */ = {
			isa = XCBuildConfiguration;
			buildSettings = {
				ALWAYS_SEARCH_USER_PATHS = NO;
				CLANG_CXX_LANGUAGE_STANDARD = "gnu++0x";
				CLANG_CXX_LIBRARY = "libc++";
				CLANG_ENABLE_MODULES = YES;
				CLANG_ENABLE_OBJC_ARC = YES;
				CLANG_WARN_BOOL_CONVERSION = YES;
				CLANG_WARN_CONSTANT_CONVERSION = YES;
				CLANG_WARN_DIRECT_OBJC_ISA_USAGE = YES_ERROR;
				CLANG_WARN_EMPTY_BODY = YES;
				CLANG_WARN_ENUM_CONVERSION = YES;
				CLANG_WARN_INT_CONVERSION = YES;
				CLANG_WARN_OBJC_ROOT_CLASS = YES_ERROR;
				CLANG_WARN_UNREACHABLE_CODE = YES;
				CLANG_WARN__DUPLICATE_METHOD_MATCH = YES;
				"CODE_SIGN_IDENTITY[sdk=iphoneos*]" = "iPhone Developer";
				COPY_PHASE_STRIP = NO;
				DEBUG_INFORMATION_FORMAT = "dwarf-with-dsym";
				ENABLE_NS_ASSERTIONS = NO;
				ENABLE_STRICT_OBJC_MSGSEND = YES;
				GCC_C_LANGUAGE_STANDARD = gnu99;
				GCC_NO_COMMON_BLOCKS = YES;
				GCC_WARN_64_TO_32_BIT_CONVERSION = YES;
				GCC_WARN_ABOUT_RETURN_TYPE = YES_ERROR;
				GCC_WARN_UNDECLARED_SELECTOR = YES;
				GCC_WARN_UNINITIALIZED_AUTOS = YES_AGGRESSIVE;
				GCC_WARN_UNUSED_FUNCTION = YES;
				GCC_WARN_UNUSED_VARIABLE = YES;
				IPHONEOS_DEPLOYMENT_TARGET = 9.0;
				MTL_ENABLE_DEBUG_INFO = NO;
				SDKROOT = iphoneos;
				VALIDATE_PRODUCT = YES;
			};
			name = Release;
		};
		377033061BAF02B4003A851D /* Debug */ = {
			isa = XCBuildConfiguration;
			buildSettings = {
				ASSETCATALOG_COMPILER_APPICON_NAME = AppIcon;
				INFOPLIST_FILE = "Tip Calculator/Info.plist";
				LD_RUNPATH_SEARCH_PATHS = "$(inherited) @executable_path/Frameworks";
				PRODUCT_BUNDLE_IDENTIFIER = "asia.perry.Tip-Calculator";
				PRODUCT_NAME = "$(TARGET_NAME)";
			};
			name = Debug;
		};
		377033071BAF02B4003A851D /* Release */ = {
			isa = XCBuildConfiguration;
			buildSettings = {
				ASSETCATALOG_COMPILER_APPICON_NAME = AppIcon;
				INFOPLIST_FILE = "Tip Calculator/Info.plist";
				LD_RUNPATH_SEARCH_PATHS = "$(inherited) @executable_path/Frameworks";
				PRODUCT_BUNDLE_IDENTIFIER = "asia.perry.Tip-Calculator";
				PRODUCT_NAME = "$(TARGET_NAME)";
			};
			name = Release;
		};
/* End XCBuildConfiguration section */

/* Begin XCConfigurationList section */
		377032EE1BAF02B4003A851D /* Build configuration list for PBXProject "Tip Calculator" */ = {
			isa = XCConfigurationList;
			buildConfigurations = (
				377033031BAF02B4003A851D /* Debug */,
				377033041BAF02B4003A851D /* Release */,
			);
			defaultConfigurationIsVisible = 0;
			defaultConfigurationName = Release;
		};
		377033051BAF02B4003A851D /* Build configuration list for PBXNativeTarget "Tip Calculator" */ = {
			isa = XCConfigurationList;
			buildConfigurations = (
				377033061BAF02B4003A851D /* Debug */,
				377033071BAF02B4003A851D /* Release */,
			);
			defaultConfigurationIsVisible = 0;
			defaultConfigurationName = Release;
		};
/* End XCConfigurationList section */
	};
	rootObject = 377032EB1BAF02B4003A851D /* Project object */;
}
